
Microsoft Visual Studio Solution File, Format Version 12.00
Project("{FAE04EC0-301F-11D3-BF4B-00C04F79EFBC}") = "RPCInterfaces", "RPCInterfaces\RPCInterfaces.csproj", "{5D9C38DE-2D06-4AC0-847A-1565F70244C0}"
EndProject
Project("{FAE04EC0-301F-11D3-BF4B-00C04F79EFBC}") = "WebAPI", "WebAPI\WebAPI.csproj", "{B396714F-28E6-4C2F-B81D-1F76E33D4083}"
EndProject
Project("{FAE04EC0-301F-11D3-BF4B-00C04F79EFBC}") = "Domain", "Domain\Domain.csproj", "{E08D295D-C6FA-48AF-B074-30DD63A34620}"
EndProject
Project("{FAE04EC0-301F-11D3-BF4B-00C04F79EFBC}") = "DataHandling", "DataHandling\DataHandling.csproj", "{9D852877-CD03-4C6F-8436-ED529A3502AD}"
EndProject
Project("{FAE04EC0-301F-11D3-BF4B-00C04F79EFBC}") = "Application", "Application\Application.csproj", "{1C41455D-76CC-411C-AC1A-98124B678BBC}"
EndProject
Project("{FAE04EC0-301F-11D3-BF4B-00C04F79EFBC}") = "Testing", "Testing\Testing.csproj", "{7D10BB34-DF7B-4847-8A33-09DE32E1CEB3}"
EndProject
Project("{FAE04EC0-301F-11D3-BF4B-00C04F79EFBC}") = "BlazorApp", "BlazorApp\BlazorApp.csproj", "{79D7DD57-91DB-46E5-8F9A-0925D03D4E5F}"
EndProject
Project("{FAE04EC0-301F-11D3-BF4B-00C04F79EFBC}") = "HttpClients", "HttpClients\HttpClients.csproj", "{99F31576-E172-422D-9944-A15DB720E282}"
EndProject
Global
	GlobalSection(SolutionConfigurationPlatforms) = preSolution
		Debug|Any CPU = Debug|Any CPU
		Release|Any CPU = Release|Any CPU
	EndGlobalSection
	GlobalSection(ProjectConfigurationPlatforms) = postSolution
		{5D9C38DE-2D06-4AC0-847A-1565F70244C0}.Debug|Any CPU.ActiveCfg = Debug|Any CPU
		{5D9C38DE-2D06-4AC0-847A-1565F70244C0}.Debug|Any CPU.Build.0 = Debug|Any CPU
		{5D9C38DE-2D06-4AC0-847A-1565F70244C0}.Release|Any CPU.ActiveCfg = Release|Any CPU
		{5D9C38DE-2D06-4AC0-847A-1565F70244C0}.Release|Any CPU.Build.0 = Release|Any CPU
		{B396714F-28E6-4C2F-B81D-1F76E33D4083}.Debug|Any CPU.ActiveCfg = Debug|Any CPU
		{B396714F-28E6-4C2F-B81D-1F76E33D4083}.Debug|Any CPU.Build.0 = Debug|Any CPU
		{B396714F-28E6-4C2F-B81D-1F76E33D4083}.Release|Any CPU.ActiveCfg = Release|Any CPU
		{B396714F-28E6-4C2F-B81D-1F76E33D4083}.Release|Any CPU.Build.0 = Release|Any CPU
		{E08D295D-C6FA-48AF-B074-30DD63A34620}.Debug|Any CPU.ActiveCfg = Debug|Any CPU
		{E08D295D-C6FA-48AF-B074-30DD63A34620}.Debug|Any CPU.Build.0 = Debug|Any CPU
		{E08D295D-C6FA-48AF-B074-30DD63A34620}.Release|Any CPU.ActiveCfg = Release|Any CPU
		{E08D295D-C6FA-48AF-B074-30DD63A34620}.Release|Any CPU.Build.0 = Release|Any CPU
		{9D852877-CD03-4C6F-8436-ED529A3502AD}.Debug|Any CPU.ActiveCfg = Debug|Any CPU
		{9D852877-CD03-4C6F-8436-ED529A3502AD}.Debug|Any CPU.Build.0 = Debug|Any CPU
		{9D852877-CD03-4C6F-8436-ED529A3502AD}.Release|Any CPU.ActiveCfg = Release|Any CPU
		{9D852877-CD03-4C6F-8436-ED529A3502AD}.Release|Any CPU.Build.0 = Release|Any CPU
		{1C41455D-76CC-411C-AC1A-98124B678BBC}.Debug|Any CPU.ActiveCfg = Debug|Any CPU
		{1C41455D-76CC-411C-AC1A-98124B678BBC}.Debug|Any CPU.Build.0 = Debug|Any CPU
		{1C41455D-76CC-411C-AC1A-98124B678BBC}.Release|Any CPU.ActiveCfg = Release|Any CPU
		{1C41455D-76CC-411C-AC1A-98124B678BBC}.Release|Any CPU.Build.0 = Release|Any CPU
		{7D10BB34-DF7B-4847-8A33-09DE32E1CEB3}.Debug|Any CPU.ActiveCfg = Debug|Any CPU
		{7D10BB34-DF7B-4847-8A33-09DE32E1CEB3}.Debug|Any CPU.Build.0 = Debug|Any CPU
		{7D10BB34-DF7B-4847-8A33-09DE32E1CEB3}.Release|Any CPU.ActiveCfg = Release|Any CPU
		{7D10BB34-DF7B-4847-8A33-09DE32E1CEB3}.Release|Any CPU.Build.0 = Release|Any CPU
		{79D7DD57-91DB-46E5-8F9A-0925D03D4E5F}.Debug|Any CPU.ActiveCfg = Debug|Any CPU
		{79D7DD57-91DB-46E5-8F9A-0925D03D4E5F}.Debug|Any CPU.Build.0 = Debug|Any CPU
		{79D7DD57-91DB-46E5-8F9A-0925D03D4E5F}.Release|Any CPU.ActiveCfg = Release|Any CPU
		{79D7DD57-91DB-46E5-8F9A-0925D03D4E5F}.Release|Any CPU.Build.0 = Release|Any CPU
		{99F31576-E172-422D-9944-A15DB720E282}.Debug|Any CPU.ActiveCfg = Debug|Any CPU
		{99F31576-E172-422D-9944-A15DB720E282}.Debug|Any CPU.Build.0 = Debug|Any CPU
		{99F31576-E172-422D-9944-A15DB720E282}.Release|Any CPU.ActiveCfg = Release|Any CPU
		{99F31576-E172-422D-9944-A15DB720E282}.Release|Any CPU.Build.0 = Release|Any CPU
	EndGlobalSection
EndGlobal
